// !$*UTF8*$!
{
	archiveVersion = 1;
	classes = {
	};
	objectVersion = 46;
	objects = {

/* Begin PBXBuildFile section */
		6BF401D22217DF69C02DE9F2 /* Pods_ActivityView.framework in Frameworks */ = {isa = PBXBuildFile; fileRef = 17CB0A0D4EEE884BAD32FAE6 /* Pods_ActivityView.framework */; };
		B4DDB6E81CAB02AF0097A903 /* AppDelegate.swift in Sources */ = {isa = PBXBuildFile; fileRef = B4DDB6E71CAB02AF0097A903 /* AppDelegate.swift */; };
		B4DDB6EA1CAB02AF0097A903 /* ViewController.swift in Sources */ = {isa = PBXBuildFile; fileRef = B4DDB6E91CAB02AF0097A903 /* ViewController.swift */; };
		B4DDB6ED1CAB02AF0097A903 /* Main.storyboard in Resources */ = {isa = PBXBuildFile; fileRef = B4DDB6EB1CAB02AF0097A903 /* Main.storyboard */; };
		B4DDB6EF1CAB02AF0097A903 /* Assets.xcassets in Resources */ = {isa = PBXBuildFile; fileRef = B4DDB6EE1CAB02AF0097A903 /* Assets.xcassets */; };
		B4DDB6F21CAB02AF0097A903 /* LaunchScreen.storyboard in Resources */ = {isa = PBXBuildFile; fileRef = B4DDB6F01CAB02AF0097A903 /* LaunchScreen.storyboard */; };
/* End PBXBuildFile section */

/* Begin PBXFileReference section */
		17CB0A0D4EEE884BAD32FAE6 /* Pods_ActivityView.framework */ = {isa = PBXFileReference; explicitFileType = wrapper.framework; includeInIndex = 0; path = Pods_ActivityView.framework; sourceTree = BUILT_PRODUCTS_DIR; };
		510A18F60F4CBD50A562CA5E /* Pods-ActivityView.debug.xcconfig */ = {isa = PBXFileReference; includeInIndex = 1; lastKnownFileType = text.xcconfig; name = "Pods-ActivityView.debug.xcconfig"; path = "Pods/Target Support Files/Pods-ActivityView/Pods-ActivityView.debug.xcconfig"; sourceTree = "<group>"; };
		B4DDB6E41CAB02AF0097A903 /* ActivityView.app */ = {isa = PBXFileReference; explicitFileType = wrapper.application; includeInIndex = 0; path = ActivityView.app; sourceTree = BUILT_PRODUCTS_DIR; };
		B4DDB6E71CAB02AF0097A903 /* AppDelegate.swift */ = {isa = PBXFileReference; lastKnownFileType = sourcecode.swift; path = AppDelegate.swift; sourceTree = "<group>"; };
		B4DDB6E91CAB02AF0097A903 /* ViewController.swift */ = {isa = PBXFileReference; lastKnownFileType = sourcecode.swift; path = ViewController.swift; sourceTree = "<group>"; };
		B4DDB6EC1CAB02AF0097A903 /* Base */ = {isa = PBXFileReference; lastKnownFileType = file.storyboard; name = Base; path = Base.lproj/Main.storyboard; sourceTree = "<group>"; };
		B4DDB6EE1CAB02AF0097A903 /* Assets.xcassets */ = {isa = PBXFileReference; lastKnownFileType = folder.assetcatalog; path = Assets.xcassets; sourceTree = "<group>"; };
		B4DDB6F11CAB02AF0097A903 /* Base */ = {isa = PBXFileReference; lastKnownFileType = file.storyboard; name = Base; path = Base.lproj/LaunchScreen.storyboard; sourceTree = "<group>"; };
		B4DDB6F31CAB02AF0097A903 /* Info.plist */ = {isa = PBXFileReference; lastKnownFileType = text.plist.xml; path = Info.plist; sourceTree = "<group>"; };
		B4DDB7131CAB05A50097A903 /* BKActivityView.framework */ = {isa = PBXFileReference; lastKnownFileType = wrapper.framework; name = BKActivityView.framework; path = "../../../Library/Developer/Xcode/DerivedData/ActivityView-dwttpwrctchueqbqeexrssxwhyyt/Build/Products/Debug-iphonesimulator/BKActivityView.framework"; sourceTree = "<group>"; };
		FD3E6800874AD4585ECDC706 /* Pods-ActivityView.release.xcconfig */ = {isa = PBXFileReference; includeInIndex = 1; lastKnownFileType = text.xcconfig; name = "Pods-ActivityView.release.xcconfig"; path = "Pods/Target Support Files/Pods-ActivityView/Pods-ActivityView.release.xcconfig"; sourceTree = "<group>"; };
/* End PBXFileReference section */

/* Begin PBXFrameworksBuildPhase section */
		B4DDB6E11CAB02AF0097A903 /* Frameworks */ = {
			isa = PBXFrameworksBuildPhase;
			buildActionMask = 2147483647;
			files = (
				6BF401D22217DF69C02DE9F2 /* Pods_ActivityView.framework in Frameworks */,
			);
			runOnlyForDeploymentPostprocessing = 0;
		};
/* End PBXFrameworksBuildPhase section */

/* Begin PBXGroup section */
		B4DDB6DB1CAB02AF0097A903 = {
			isa = PBXGroup;
			children = (
				B4DDB6E61CAB02AF0097A903 /* ActivityView */,
				B4DDB6E51CAB02AF0097A903 /* Products */,
				B4DDB7121CAB037E0097A903 /* Frameworks */,
				D6100E1ABBB44B139C438720 /* Pods */,
			);
			sourceTree = "<group>";
		};
		B4DDB6E51CAB02AF0097A903 /* Products */ = {
			isa = PBXGroup;
			children = (
				B4DDB6E41CAB02AF0097A903 /* ActivityView.app */,
			);
			name = Products;
			sourceTree = "<group>";
		};
		B4DDB6E61CAB02AF0097A903 /* ActivityView */ = {
			isa = PBXGroup;
			children = (
				B4DDB6E71CAB02AF0097A903 /* AppDelegate.swift */,
				B4DDB6E91CAB02AF0097A903 /* ViewController.swift */,
				B4DDB6EB1CAB02AF0097A903 /* Main.storyboard */,
				B4DDB6EE1CAB02AF0097A903 /* Assets.xcassets */,
				B4DDB6F01CAB02AF0097A903 /* LaunchScreen.storyboard */,
				B4DDB6F31CAB02AF0097A903 /* Info.plist */,
			);
			path = ActivityView;
			sourceTree = "<group>";
		};
		B4DDB7121CAB037E0097A903 /* Frameworks */ = {
			isa = PBXGroup;
			children = (
				B4DDB7131CAB05A50097A903 /* BKActivityView.framework */,
				17CB0A0D4EEE884BAD32FAE6 /* Pods_ActivityView.framework */,
			);
			name = Frameworks;
			sourceTree = "<group>";
		};
		D6100E1ABBB44B139C438720 /* Pods */ = {
			isa = PBXGroup;
			children = (
				510A18F60F4CBD50A562CA5E /* Pods-ActivityView.debug.xcconfig */,
				FD3E6800874AD4585ECDC706 /* Pods-ActivityView.release.xcconfig */,
			);
			name = Pods;
			sourceTree = "<group>";
		};
/* End PBXGroup section */

/* Begin PBXNativeTarget section */
		B4DDB6E31CAB02AF0097A903 /* ActivityView */ = {
			isa = PBXNativeTarget;
			buildConfigurationList = B4DDB6F61CAB02AF0097A903 /* Build configuration list for PBXNativeTarget "ActivityView" */;
			buildPhases = (
				963B397C72EA8A12027520D0 /* Check Pods Manifest.lock */,
				B4DDB6E01CAB02AF0097A903 /* Sources */,
				B4DDB6E11CAB02AF0097A903 /* Frameworks */,
				B4DDB6E21CAB02AF0097A903 /* Resources */,
				A6A5428C73D9914DD09FC022 /* Embed Pods Frameworks */,
				23D06CF2D1B13D30636C7B1B /* Copy Pods Resources */,
			);
			buildRules = (
			);
			dependencies = (
			);
			name = ActivityView;
			productName = ActivityView;
			productReference = B4DDB6E41CAB02AF0097A903 /* ActivityView.app */;
			productType = "com.apple.product-type.application";
		};
/* End PBXNativeTarget section */

/* Begin PBXProject section */
		B4DDB6DC1CAB02AF0097A903 /* Project object */ = {
			isa = PBXProject;
			attributes = {
				LastSwiftUpdateCheck = 0730;
				LastUpgradeCheck = 0730;
				ORGANIZATIONNAME = "Brendan Kirchner";
				TargetAttributes = {
					B4DDB6E31CAB02AF0097A903 = {
						CreatedOnToolsVersion = 7.3;
					};
				};
			};
			buildConfigurationList = B4DDB6DF1CAB02AF0097A903 /* Build configuration list for PBXProject "ActivityView" */;
			compatibilityVersion = "Xcode 3.2";
			developmentRegion = English;
			hasScannedForEncodings = 0;
			knownRegions = (
				en,
				Base,
			);
			mainGroup = B4DDB6DB1CAB02AF0097A903;
			productRefGroup = B4DDB6E51CAB02AF0097A903 /* Products */;
			projectDirPath = "";
			projectRoot = "";
			targets = (
				B4DDB6E31CAB02AF0097A903 /* ActivityView */,
			);
		};
/* End PBXProject section */

/* Begin PBXResourcesBuildPhase section */
		B4DDB6E21CAB02AF0097A903 /* Resources */ = {
			isa = PBXResourcesBuildPhase;
			buildActionMask = 2147483647;
			files = (
				B4DDB6F21CAB02AF0097A903 /* LaunchScreen.storyboard in Resources */,
				B4DDB6EF1CAB02AF0097A903 /* Assets.xcassets in Resources */,
				B4DDB6ED1CAB02AF0097A903 /* Main.storyboard in Resources */,
			);
			runOnlyForDeploymentPostprocessing = 0;
		};
/* End PBXResourcesBuildPhase section */

/* Begin PBXShellScriptBuildPhase section */
		23D06CF2D1B13D30636C7B1B /* Copy Pods Resources */ = {
			isa = PBXShellScriptBuildPhase;
			buildActionMask = 2147483647;
			files = (
			);
			inputPaths = (
			);
			name = "Copy Pods Resources";
			outputPaths = (
			);
			runOnlyForDeploymentPostprocessing = 0;
			shellPath = /bin/sh;
			shellScript = "\"${SRCROOT}/Pods/Target Support Files/Pods-ActivityView/Pods-ActivityView-resources.sh\"\n";
			showEnvVarsInLog = 0;
		};
		963B397C72EA8A12027520D0 /* Check Pods Manifest.lock */ = {
			isa = PBXShellScriptBuildPhase;
			buildActionMask = 2147483647;
			files = (
			);
			inputPaths = (
			);
			name = "Check Pods Manifest.lock";
			outputPaths = (
			);
			runOnlyForDeploymentPostprocessing = 0;
			shellPath = /bin/sh;
			shellScript = "diff \"${PODS_ROOT}/../Podfile.lock\" \"${PODS_ROOT}/Manifest.lock\" > /dev/null\nif [[ $? != 0 ]] ; then\n    cat << EOM\nerror: The sandbox is not in sync with the Podfile.lock. Run 'pod install' or update your CocoaPods installation.\nEOM\n    exit 1\nfi\n";
			showEnvVarsInLog = 0;
		};
		A6A5428C73D9914DD09FC022 /* Embed Pods Frameworks */ = {
			isa = PBXShellScriptBuildPhase;
			buildActionMask = 2147483647;
			files = (
			);
			inputPaths = (
			);
			name = "Embed Pods Frameworks";
			outputPaths = (
			);
			runOnlyForDeploymentPostprocessing = 0;
			shellPath = /bin/sh;
			shellScript = "\"${SRCROOT}/Pods/Target Support Files/Pods-ActivityView/Pods-ActivityView-frameworks.sh\"\n";
			showEnvVarsInLog = 0;
		};
/* End PBXShellScriptBuildPhase section */

/* Begin PBXSourcesBuildPhase section */
		B4DDB6E01CAB02AF0097A903 /* Sources */ = {
			isa = PBXSourcesBuildPhase;
			buildActionMask = 2147483647;
			files = (
				B4DDB6EA1CAB02AF0097A903 /* ViewController.swift in Sources */,
				B4DDB6E81CAB02AF0097A903 /* AppDelegate.swift in Sources */,
			);
			runOnlyForDeploymentPostprocessing = 0;
		};
/* End PBXSourcesBuildPhase section */

/* Begin PBXVariantGroup section */
		B4DDB6EB1CAB02AF0097A903 /* Main.storyboard */ = {
			isa = PBXVariantGroup;
			children = (
				B4DDB6EC1CAB02AF0097A903 /* Base */,
			);
			name = Main.storyboard;
			sourceTree = "<group>";
		};
		B4DDB6F01CAB02AF0097A903 /* LaunchScreen.storyboard */ = {
			isa = PBXVariantGroup;
			children = (
				B4DDB6F11CAB02AF0097A903 /* Base */,
			);
			name = LaunchScreen.storyboard;
			sourceTree = "<group>";
		};
/* End PBXVariantGroup section */

/* Begin XCBuildConfiguration section */
		B4DDB6F41CAB02AF0097A903 /* Debug */ = {
			isa = XCBuildConfiguration;
			buildSettings = {
				ALWAYS_SEARCH_USER_PATHS = NO;
				CLANG_ANALYZER_NONNULL = YES;
				CLANG_CXX_LANGUAGE_STANDARD = "gnu++0x";
				CLANG_CXX_LIBRARY = "libc++";
				CLANG_ENABLE_MODULES = YES;
				CLANG_ENABLE_OBJC_ARC = YES;
				CLANG_WARN_BOOL_CONVERSION = YES;
				CLANG_WARN_CONSTANT_CONVERSION = YES;
				CLANG_WARN_DIRECT_OBJC_ISA_USAGE = YES_ERROR;
				CLANG_WARN_EMPTY_BODY = YES;
				CLANG_WARN_ENUM_CONVERSION = YES;
				CLANG_WARN_INT_CONVERSION = YES;
				CLANG_WARN_OBJC_ROOT_CLASS = YES_ERROR;
				CLANG_WARN_UNREACHABLE_CODE = YES;
				CLANG_WARN__DUPLICATE_METHOD_MATCH = YES;
				"CODE_SIGN_IDENTITY[sdk=iphoneos*]" = "iPhone Developer";
				COPY_PHASE_STRIP = NO;
				DEBUG_INFORMATION_FORMAT = dwarf;
				ENABLE_STRICT_OBJC_MSGSEND = YES;
				ENABLE_TESTABILITY = YES;
				GCC_C_LANGUAGE_STANDARD = gnu99;
				GCC_DYNAMIC_NO_PIC = NO;
				GCC_NO_COMMON_BLOCKS = YES;
				GCC_OPTIMIZATION_LEVEL = 0;
				GCC_PREPROCESSOR_DEFINITIONS = (
					"DEBUG=1",
					"$(inherited)",
				);
				GCC_WARN_64_TO_32_BIT_CONVERSION = YES;
				GCC_WARN_ABOUT_RETURN_TYPE = YES_ERROR;
				GCC_WARN_UNDECLARED_SELECTOR = YES;
				GCC_WARN_UNINITIALIZED_AUTOS = YES_AGGRESSIVE;
				GCC_WARN_UNUSED_FUNCTION = YES;
				GCC_WARN_UNUSED_VARIABLE = YES;
				IPHONEOS_DEPLOYMENT_TARGET = 9.3;
				MTL_ENABLE_DEBUG_INFO = YES;
				ONLY_ACTIVE_ARCH = YES;
				SDKROOT = iphoneos;
				SWIFT_OPTIMIZATION_LEVEL = "-Onone";
				TARGETED_DEVICE_FAMILY = "1,2";
			};
			name = Debug;
		};
		B4DDB6F51CAB02AF0097A903 /* Release */ = {
			isa = XCBuildConfiguration;
			buildSettings = {
				ALWAYS_SEARCH_USER_PATHS = NO;
				CLANG_ANALYZER_NONNULL = YES;
				CLANG_CXX_LANGUAGE_STANDARD = "gnu++0x";
				CLANG_CXX_LIBRARY = "libc++";
				CLANG_ENABLE_MODULES = YES;
				CLANG_ENABLE_OBJC_ARC = YES;
				CLANG_WARN_BOOL_CONVERSION = YES;
				CLANG_WARN_CONSTANT_CONVERSION = YES;
				CLANG_WARN_DIRECT_OBJC_ISA_USAGE = YES_ERROR;
				CLANG_WARN_EMPTY_BODY = YES;
				CLANG_WARN_ENUM_CONVERSION = YES;
				CLANG_WARN_INT_CONVERSION = YES;
				CLANG_WARN_OBJC_ROOT_CLASS = YES_ERROR;
				CLANG_WARN_UNREACHABLE_CODE = YES;
				CLANG_WARN__DUPLICATE_METHOD_MATCH = YES;
				"CODE_SIGN_IDENTITY[sdk=iphoneos*]" = "iPhone Developer";
				COPY_PHASE_STRIP = NO;
				DEBUG_INFORMATION_FORMAT = "dwarf-with-dsym";
				ENABLE_NS_ASSERTIONS = NO;
				ENABLE_STRICT_OBJC_MSGSEND = YES;
				GCC_C_LANGUAGE_STANDARD = gnu99;
				GCC_NO_COMMON_BLOCKS = YES;
				GCC_WARN_64_TO_32_BIT_CONVERSION = YES;
				GCC_WARN_ABOUT_RETURN_TYPE = YES_ERROR;
				GCC_WARN_UNDECLARED_SELECTOR = YES;
				GCC_WARN_UNINITIALIZED_AUTOS = YES_AGGRESSIVE;
				GCC_WARN_UNUSED_FUNCTION = YES;
				GCC_WARN_UNUSED_VARIABLE = YES;
				IPHONEOS_DEPLOYMENT_TARGET = 9.3;
				MTL_ENABLE_DEBUG_INFO = NO;
				SDKROOT = iphoneos;
				TARGETED_DEVICE_FAMILY = "1,2";
				VALIDATE_PRODUCT = YES;
			};
			name = Release;
		};
		B4DDB6F71CAB02AF0097A903 /* Debug */ = {
			isa = XCBuildConfiguration;
			baseConfigurationReference = 510A18F60F4CBD50A562CA5E /* Pods-ActivityView.debug.xcconfig */;
			buildSettings = {
				ASSETCATALOG_COMPILER_APPICON_NAME = AppIcon;
				FRAMEWORK_SEARCH_PATHS = (
					"$(inherited)",
					"$(PROJECT_DIR)/BKActivityView/build/Debug-iphoneos",
				);
				INFOPLIST_FILE = ActivityView/Info.plist;
				LD_RUNPATH_SEARCH_PATHS = "$(inherited) @executable_path/Frameworks";
				PRODUCT_BUNDLE_IDENTIFIER = com.BrendanKirchner.ActivityView;
				PRODUCT_NAME = "$(TARGET_NAME)";
			};
			name = Debug;
		};
		B4DDB6F81CAB02AF0097A903 /* Release */ = {
			isa = XCBuildConfiguration;
			baseConfigurationReference = FD3E6800874AD4585ECDC706 /* Pods-ActivityView.release.xcconfig */;
			buildSettings = {
				ASSETCATALOG_COMPILER_APPICON_NAME = AppIcon;
				FRAMEWORK_SEARCH_PATHS = (
					"$(inherited)",
					"$(PROJECT_DIR)/BKActivityView/build/Debug-iphoneos",
				);
				INFOPLIST_FILE = ActivityView/Info.plist;
				LD_RUNPATH_SEARCH_PATHS = "$(inherited) @executable_path/Frameworks";
				PRODUCT_BUNDLE_IDENTIFIER = com.BrendanKirchner.ActivityView;
				PRODUCT_NAME = "$(TARGET_NAME)";
			};
			name = Release;
		};
/* End XCBuildConfiguration section */

/* Begin XCConfigurationList section */
		B4DDB6DF1CAB02AF0097A903 /* Build configuration list for PBXProject "ActivityView" */ = {
			isa = XCConfigurationList;
			buildConfigurations = (
				B4DDB6F41CAB02AF0097A903 /* Debug */,
				B4DDB6F51CAB02AF0097A903 /* Release */,
			);
			defaultConfigurationIsVisible = 0;
			defaultConfigurationName = Release;
		};
		B4DDB6F61CAB02AF0097A903 /* Build configuration list for PBXNativeTarget "ActivityView" */ = {
			isa = XCConfigurationList;
			buildConfigurations = (
				B4DDB6F71CAB02AF0097A903 /* Debug */,
				B4DDB6F81CAB02AF0097A903 /* Release */,
			);
			defaultConfigurationIsVisible = 0;
			defaultConfigurationName = Release;
		};
/* End XCConfigurationList section */
	};
	rootObject = B4DDB6DC1CAB02AF0097A903 /* Project object */;
}
